{
  "requires": true,
  "lockfileVersion": 1,
  "dependencies": {
    "browser-acl": {
      "version": "0.9.1",
      "resolved": "https://registry.npmjs.org/browser-acl/-/browser-acl-0.9.1.tgz",
      "integrity": "sha512-25qUsqIiOJMXb524opmNyR+FEe/LHBEdH+aiwDDBo3IxUgPaW1uVTW535KhJPygHp/WlqZirJTGOMbSoLXxEyw=="
    },
    "vue-browser-acl": {
      "version": "0.15.3",
      "resolved": "https://registry.npmjs.org/vue-browser-acl/-/vue-browser-acl-0.15.3.tgz",
      "integrity": "sha512-1iy2Irt65DQAK0e7E2Hq5ypnaX9e3t4XfqeBlonc9lt11B3Kr6HLOpoTyInCKX8MdCd1Y0ofPWS5wEjB5n6RQw==",
      "requires": {
        "browser-acl": "^0.9.1"
      }
    }
  }
}
